
Microsoft Visual Studio Solution File, Format Version 12.00
# Visual Studio 14
VisualStudioVersion = 14.0.25123.0
MinimumVisualStudioVersion = 10.0.40219.1
Project("{FAE04EC0-301F-11D3-BF4B-00C04F79EFBC}") = "Domain", "Domain\Domain.csproj", "{F955EF56-6B2D-4C0C-9D63-7D98314AB106}"
EndProject
Project("{FAE04EC0-301F-11D3-BF4B-00C04F79EFBC}") = "MyersDiff", "MyersDiff\MyersDiff.csproj", "{B551BC49-2654-4884-BAB6-7514DBA175D8}"
EndProject
Project("{FAE04EC0-301F-11D3-BF4B-00C04F79EFBC}") = "MyersDiffTest", "MyersDiffTest\MyersDiffTest.csproj", "{0A50B87B-A11D-429C-A380-A3C6C07F196D}"
EndProject
Project("{FAE04EC0-301F-11D3-BF4B-00C04F79EFBC}") = "Sources.String", "Sources.String\Sources.String.csproj", "{A747FC6C-D056-4DAE-AC2D-697B7439A591}"
EndProject
Project("{FAE04EC0-301F-11D3-BF4B-00C04F79EFBC}") = "Sources.TextFile", "Sources.TextFile\Sources.TextFile.csproj", "{0EACB3F8-11A5-439E-8D48-DCEDAC612D38}"
EndProject
Global
	GlobalSection(SolutionConfigurationPlatforms) = preSolution
		Debug|Any CPU = Debug|Any CPU
		Release|Any CPU = Release|Any CPU
	EndGlobalSection
	GlobalSection(ProjectConfigurationPlatforms) = postSolution
		{F955EF56-6B2D-4C0C-9D63-7D98314AB106}.Debug|Any CPU.ActiveCfg = Debug|Any CPU
		{F955EF56-6B2D-4C0C-9D63-7D98314AB106}.Debug|Any CPU.Build.0 = Debug|Any CPU
		{F955EF56-6B2D-4C0C-9D63-7D98314AB106}.Release|Any CPU.ActiveCfg = Release|Any CPU
		{F955EF56-6B2D-4C0C-9D63-7D98314AB106}.Release|Any CPU.Build.0 = Release|Any CPU
		{B551BC49-2654-4884-BAB6-7514DBA175D8}.Debug|Any CPU.ActiveCfg = Debug|Any CPU
		{B551BC49-2654-4884-BAB6-7514DBA175D8}.Debug|Any CPU.Build.0 = Debug|Any CPU
		{B551BC49-2654-4884-BAB6-7514DBA175D8}.Release|Any CPU.ActiveCfg = Release|Any CPU
		{B551BC49-2654-4884-BAB6-7514DBA175D8}.Release|Any CPU.Build.0 = Release|Any CPU
		{0A50B87B-A11D-429C-A380-A3C6C07F196D}.Debug|Any CPU.ActiveCfg = Debug|Any CPU
		{0A50B87B-A11D-429C-A380-A3C6C07F196D}.Debug|Any CPU.Build.0 = Debug|Any CPU
		{0A50B87B-A11D-429C-A380-A3C6C07F196D}.Release|Any CPU.ActiveCfg = Release|Any CPU
		{0A50B87B-A11D-429C-A380-A3C6C07F196D}.Release|Any CPU.Build.0 = Release|Any CPU
		{A747FC6C-D056-4DAE-AC2D-697B7439A591}.Debug|Any CPU.ActiveCfg = Debug|Any CPU
		{A747FC6C-D056-4DAE-AC2D-697B7439A591}.Debug|Any CPU.Build.0 = Debug|Any CPU
		{A747FC6C-D056-4DAE-AC2D-697B7439A591}.Release|Any CPU.ActiveCfg = Release|Any CPU
		{A747FC6C-D056-4DAE-AC2D-697B7439A591}.Release|Any CPU.Build.0 = Release|Any CPU
		{0EACB3F8-11A5-439E-8D48-DCEDAC612D38}.Debug|Any CPU.ActiveCfg = Debug|Any CPU
		{0EACB3F8-11A5-439E-8D48-DCEDAC612D38}.Debug|Any CPU.Build.0 = Debug|Any CPU
		{0EACB3F8-11A5-439E-8D48-DCEDAC612D38}.Release|Any CPU.ActiveCfg = Release|Any CPU
		{0EACB3F8-11A5-439E-8D48-DCEDAC612D38}.Release|Any CPU.Build.0 = Release|Any CPU
	EndGlobalSection
	GlobalSection(SolutionProperties) = preSolution
		HideSolutionNode = FALSE
	EndGlobalSection
EndGlobal
